
Microsoft Visual Studio Solution File, Format Version 12.00
# Visual Studio 15
VisualStudioVersion = 15.0.28307.489
MinimumVisualStudioVersion = 10.0.40219.1
Project("{FAE04EC0-301F-11D3-BF4B-00C04F79EFBC}") = "PenInputCanvas", "PenInputCanvas\PenInputCanvas.csproj", "{FC7C32C6-1AEF-4617-B33A-5564B5B1D611}"
EndProject
Project("{FAE04EC0-301F-11D3-BF4B-00C04F79EFBC}") = "SliderStyleTest", "SliderStyleTest\SliderStyleTest.csproj", "{B80EC1D8-A46A-44BE-A415-86711EE56E18}"
EndProject
Project("{FAE04EC0-301F-11D3-BF4B-00C04F79EFBC}") = "PenInputFFT", "PenInputFFT\PenInputFFT.csproj", "{47BACE8D-AA3A-4FB7-9EF9-DF73B21E6A2E}"
EndProject
Global
	GlobalSection(SolutionConfigurationPlatforms) = preSolution
		Debug|Any CPU = Debug|Any CPU
		Release|Any CPU = Release|Any CPU
	EndGlobalSection
	GlobalSection(ProjectConfigurationPlatforms) = postSolution
		{FC7C32C6-1AEF-4617-B33A-5564B5B1D611}.Debug|Any CPU.ActiveCfg = Debug|Any CPU
		{FC7C32C6-1AEF-4617-B33A-5564B5B1D611}.Debug|Any CPU.Build.0 = Debug|Any CPU
		{FC7C32C6-1AEF-4617-B33A-5564B5B1D611}.Release|Any CPU.ActiveCfg = Release|Any CPU
		{FC7C32C6-1AEF-4617-B33A-5564B5B1D611}.Release|Any CPU.Build.0 = Release|Any CPU
		{B80EC1D8-A46A-44BE-A415-86711EE56E18}.Debug|Any CPU.ActiveCfg = Debug|Any CPU
		{B80EC1D8-A46A-44BE-A415-86711EE56E18}.Debug|Any CPU.Build.0 = Debug|Any CPU
		{B80EC1D8-A46A-44BE-A415-86711EE56E18}.Release|Any CPU.ActiveCfg = Release|Any CPU
		{B80EC1D8-A46A-44BE-A415-86711EE56E18}.Release|Any CPU.Build.0 = Release|Any CPU
		{47BACE8D-AA3A-4FB7-9EF9-DF73B21E6A2E}.Debug|Any CPU.ActiveCfg = Debug|Any CPU
		{47BACE8D-AA3A-4FB7-9EF9-DF73B21E6A2E}.Debug|Any CPU.Build.0 = Debug|Any CPU
		{47BACE8D-AA3A-4FB7-9EF9-DF73B21E6A2E}.Release|Any CPU.ActiveCfg = Release|Any CPU
		{47BACE8D-AA3A-4FB7-9EF9-DF73B21E6A2E}.Release|Any CPU.Build.0 = Release|Any CPU
	EndGlobalSection
	GlobalSection(SolutionProperties) = preSolution
		HideSolutionNode = FALSE
	EndGlobalSection
	GlobalSection(ExtensibilityGlobals) = postSolution
		SolutionGuid = {83F9509B-96D0-43F9-ABCF-B9C2D613085A}
	EndGlobalSection
EndGlobal
